
Microsoft Visual Studio Solution File, Format Version 12.00
# Visual Studio Version 16
VisualStudioVersion = 16.0.34601.136
MinimumVisualStudioVersion = 10.0.40219.1
Project("{FAE04EC0-301F-11D3-BF4B-00C04F79EFBC}") = "OpenCvEx", "OpenCvEx\OpenCvEx.csproj", "{AEA54EF3-871C-4318-9129-FF4AD329DB75}"
EndProject
Global
	GlobalSection(SolutionConfigurationPlatforms) = preSolution
		Debug|Any CPU = Debug|Any CPU
		Release|Any CPU = Release|Any CPU
	EndGlobalSection
	GlobalSection(ProjectConfigurationPlatforms) = postSolution
		{AEA54EF3-871C-4318-9129-FF4AD329DB75}.Debug|Any CPU.ActiveCfg = Debug|Any CPU
		{AEA54EF3-871C-4318-9129-FF4AD329DB75}.Debug|Any CPU.Build.0 = Debug|Any CPU
		{AEA54EF3-871C-4318-9129-FF4AD329DB75}.Release|Any CPU.ActiveCfg = Release|Any CPU
		{AEA54EF3-871C-4318-9129-FF4AD329DB75}.Release|Any CPU.Build.0 = Release|Any CPU
	EndGlobalSection
	GlobalSection(SolutionProperties) = preSolution
		HideSolutionNode = FALSE
	EndGlobalSection
	GlobalSection(ExtensibilityGlobals) = postSolution
		SolutionGuid = {8DCF5812-C1EA-44C6-900C-6B51A8B5E812}
	EndGlobalSection
EndGlobal
